PODS:
  - Alamofire (3.4.1)
  - KeychainAccess (2.3.6)

DEPENDENCIES:
  - Alamofire
  - KeychainAccess

SPEC CHECKSUMS:
  Alamofire: 01a82e2f6c0f860ade35534c8dd88be61bdef40c
  KeychainAccess: 7f10e2ef998ddf954a64d5d608be08677774684d

PODFILE CHECKSUM: 07ca3847cf393f840bed3d6fd66035c1891e2f72

COCOAPODS: 1.1.0.beta.1
