PODS:
  - Alamofire (3.4.2)
  - KeychainAccess (2.3.6)

DEPENDENCIES:
  - Alamofire
  - KeychainAccess

SPEC CHECKSUMS:
  Alamofire: 6aa33201d20d069e1598891cf928883ff1888c7a
  KeychainAccess: 7f10e2ef998ddf954a64d5d608be08677774684d

PODFILE CHECKSUM: 07ca3847cf393f840bed3d6fd66035c1891e2f72

COCOAPODS: 1.0.0
