// !$*UTF8*$!
{
	archiveVersion = 1;
	classes = {
	};
	objectVersion = 48;
	objects = {

/* Begin PBXBuildFile section */
		146BC45C1D6F797F0031C307 /* AppDelegate.swift in Sources */ = {isa = PBXBuildFile; fileRef = 146BC45B1D6F797F0031C307 /* AppDelegate.swift */; };
		146BC45E1D6F797F0031C307 /* Assets.xcassets in Resources */ = {isa = PBXBuildFile; fileRef = 146BC45D1D6F797F0031C307 /* Assets.xcassets */; };
		146BC4611D6F797F0031C307 /* MainMenu.xib in Resources */ = {isa = PBXBuildFile; fileRef = 146BC45F1D6F797F0031C307 /* MainMenu.xib */; };
		146BC46C1D6F797F0031C307 /* BitbucketInboxTests.swift in Sources */ = {isa = PBXBuildFile; fileRef = 146BC46B1D6F797F0031C307 /* BitbucketInboxTests.swift */; };
/* End PBXBuildFile section */

/* Begin PBXContainerItemProxy section */
		146BC4681D6F797F0031C307 /* PBXContainerItemProxy */ = {
			isa = PBXContainerItemProxy;
			containerPortal = 146BC4501D6F797F0031C307 /* Project object */;
			proxyType = 1;
			remoteGlobalIDString = 146BC4571D6F797F0031C307;
			remoteInfo = BitbucketInbox;
		};
/* End PBXContainerItemProxy section */

/* Begin PBXFileReference section */
		146BC4581D6F797F0031C307 /* Bitbucket Inbox.app */ = {isa = PBXFileReference; explicitFileType = wrapper.application; includeInIndex = 0; path = "Bitbucket Inbox.app"; sourceTree = BUILT_PRODUCTS_DIR; };
		146BC45B1D6F797F0031C307 /* AppDelegate.swift */ = {isa = PBXFileReference; lastKnownFileType = sourcecode.swift; path = AppDelegate.swift; sourceTree = "<group>"; };
		146BC45D1D6F797F0031C307 /* Assets.xcassets */ = {isa = PBXFileReference; lastKnownFileType = folder.assetcatalog; path = Assets.xcassets; sourceTree = "<group>"; };
		146BC4601D6F797F0031C307 /* Base */ = {isa = PBXFileReference; lastKnownFileType = file.xib; name = Base; path = Base.lproj/MainMenu.xib; sourceTree = "<group>"; };
		146BC4621D6F797F0031C307 /* Info.plist */ = {isa = PBXFileReference; lastKnownFileType = text.plist.xml; path = Info.plist; sourceTree = "<group>"; };
		146BC4671D6F797F0031C307 /* BitbucketInboxTests.xctest */ = {isa = PBXFileReference; explicitFileType = wrapper.cfbundle; includeInIndex = 0; path = BitbucketInboxTests.xctest; sourceTree = BUILT_PRODUCTS_DIR; };
		146BC46B1D6F797F0031C307 /* BitbucketInboxTests.swift */ = {isa = PBXFileReference; lastKnownFileType = sourcecode.swift; path = BitbucketInboxTests.swift; sourceTree = "<group>"; };
		146BC46D1D6F797F0031C307 /* Info.plist */ = {isa = PBXFileReference; lastKnownFileType = text.plist.xml; path = Info.plist; sourceTree = "<group>"; };
/* End PBXFileReference section */

/* Begin PBXFrameworksBuildPhase section */
		146BC4551D6F797F0031C307 /* Frameworks */ = {
			isa = PBXFrameworksBuildPhase;
			buildActionMask = 2147483647;
			files = (
			);
			runOnlyForDeploymentPostprocessing = 0;
		};
		146BC4641D6F797F0031C307 /* Frameworks */ = {
			isa = PBXFrameworksBuildPhase;
			buildActionMask = 2147483647;
			files = (
			);
			runOnlyForDeploymentPostprocessing = 0;
		};
/* End PBXFrameworksBuildPhase section */

/* Begin PBXGroup section */
		146BC44F1D6F797F0031C307 = {
			isa = PBXGroup;
			children = (
				146BC45A1D6F797F0031C307 /* BitbucketInbox */,
				146BC46A1D6F797F0031C307 /* BitbucketInboxTests */,
				146BC4591D6F797F0031C307 /* Products */,
			);
			sourceTree = "<group>";
		};
		146BC4591D6F797F0031C307 /* Products */ = {
			isa = PBXGroup;
			children = (
				146BC4581D6F797F0031C307 /* Bitbucket Inbox.app */,
				146BC4671D6F797F0031C307 /* BitbucketInboxTests.xctest */,
			);
			name = Products;
			sourceTree = "<group>";
		};
		146BC45A1D6F797F0031C307 /* BitbucketInbox */ = {
			isa = PBXGroup;
			children = (
				146BC45B1D6F797F0031C307 /* AppDelegate.swift */,
				146BC45D1D6F797F0031C307 /* Assets.xcassets */,
				146BC45F1D6F797F0031C307 /* MainMenu.xib */,
				146BC4621D6F797F0031C307 /* Info.plist */,
			);
			path = BitbucketInbox;
			sourceTree = "<group>";
		};
		146BC46A1D6F797F0031C307 /* BitbucketInboxTests */ = {
			isa = PBXGroup;
			children = (
				146BC46B1D6F797F0031C307 /* BitbucketInboxTests.swift */,
				146BC46D1D6F797F0031C307 /* Info.plist */,
			);
			path = BitbucketInboxTests;
			sourceTree = "<group>";
		};
/* End PBXGroup section */

/* Begin PBXNativeTarget section */
		146BC4571D6F797F0031C307 /* BitbucketInbox */ = {
			isa = PBXNativeTarget;
			buildConfigurationList = 146BC4701D6F797F0031C307 /* Build configuration list for PBXNativeTarget "BitbucketInbox" */;
			buildPhases = (
				146BC4541D6F797F0031C307 /* Sources */,
				146BC4551D6F797F0031C307 /* Frameworks */,
				146BC4561D6F797F0031C307 /* Resources */,
			);
			buildRules = (
			);
			dependencies = (
			);
			name = BitbucketInbox;
			productName = BitbucketInbox;
			productReference = 146BC4581D6F797F0031C307 /* Bitbucket Inbox.app */;
			productType = "com.apple.product-type.application";
		};
		146BC4661D6F797F0031C307 /* BitbucketInboxTests */ = {
			isa = PBXNativeTarget;
			buildConfigurationList = 146BC4731D6F797F0031C307 /* Build configuration list for PBXNativeTarget "BitbucketInboxTests" */;
			buildPhases = (
				146BC4631D6F797F0031C307 /* Sources */,
				146BC4641D6F797F0031C307 /* Frameworks */,
				146BC4651D6F797F0031C307 /* Resources */,
			);
			buildRules = (
			);
			dependencies = (
				146BC4691D6F797F0031C307 /* PBXTargetDependency */,
			);
			name = BitbucketInboxTests;
			productName = BitbucketInboxTests;
			productReference = 146BC4671D6F797F0031C307 /* BitbucketInboxTests.xctest */;
			productType = "com.apple.product-type.bundle.unit-test";
		};
/* End PBXNativeTarget section */

/* Begin PBXProject section */
		146BC4501D6F797F0031C307 /* Project object */ = {
			isa = PBXProject;
			attributes = {
				LastSwiftUpdateCheck = 0800;
				LastUpgradeCheck = 0800;
				ORGANIZATIONNAME = "Dmytro Morozov";
				TargetAttributes = {
					146BC4571D6F797F0031C307 = {
						CreatedOnToolsVersion = 8.0;
						ProvisioningStyle = Automatic;
					};
					146BC4661D6F797F0031C307 = {
						CreatedOnToolsVersion = 8.0;
						ProvisioningStyle = Automatic;
						TestTargetID = 146BC4571D6F797F0031C307;
					};
				};
			};
			buildConfigurationList = 146BC4531D6F797F0031C307 /* Build configuration list for PBXProject "BitbucketInbox" */;
			compatibilityVersion = "Xcode 8.0";
			developmentRegion = English;
			hasScannedForEncodings = 0;
			knownRegions = (
				en,
				Base,
			);
			mainGroup = 146BC44F1D6F797F0031C307;
			productRefGroup = 146BC4591D6F797F0031C307 /* Products */;
			projectDirPath = "";
			projectRoot = "";
			targets = (
				146BC4571D6F797F0031C307 /* BitbucketInbox */,
				146BC4661D6F797F0031C307 /* BitbucketInboxTests */,
			);
		};
/* End PBXProject section */

/* Begin PBXResourcesBuildPhase section */
		146BC4561D6F797F0031C307 /* Resources */ = {
			isa = PBXResourcesBuildPhase;
			buildActionMask = 2147483647;
			files = (
				146BC45E1D6F797F0031C307 /* Assets.xcassets in Resources */,
				146BC4611D6F797F0031C307 /* MainMenu.xib in Resources */,
			);
			runOnlyForDeploymentPostprocessing = 0;
		};
		146BC4651D6F797F0031C307 /* Resources */ = {
			isa = PBXResourcesBuildPhase;
			buildActionMask = 2147483647;
			files = (
			);
			runOnlyForDeploymentPostprocessing = 0;
		};
/* End PBXResourcesBuildPhase section */

/* Begin PBXSourcesBuildPhase section */
		146BC4541D6F797F0031C307 /* Sources */ = {
			isa = PBXSourcesBuildPhase;
			buildActionMask = 2147483647;
			files = (
				146BC45C1D6F797F0031C307 /* AppDelegate.swift in Sources */,
			);
			runOnlyForDeploymentPostprocessing = 0;
		};
		146BC4631D6F797F0031C307 /* Sources */ = {
			isa = PBXSourcesBuildPhase;
			buildActionMask = 2147483647;
			files = (
				146BC46C1D6F797F0031C307 /* BitbucketInboxTests.swift in Sources */,
			);
			runOnlyForDeploymentPostprocessing = 0;
		};
/* End PBXSourcesBuildPhase section */

/* Begin PBXTargetDependency section */
		146BC4691D6F797F0031C307 /* PBXTargetDependency */ = {
			isa = PBXTargetDependency;
			target = 146BC4571D6F797F0031C307 /* BitbucketInbox */;
			targetProxy = 146BC4681D6F797F0031C307 /* PBXContainerItemProxy */;
		};
/* End PBXTargetDependency section */

/* Begin PBXVariantGroup section */
		146BC45F1D6F797F0031C307 /* MainMenu.xib */ = {
			isa = PBXVariantGroup;
			children = (
				146BC4601D6F797F0031C307 /* Base */,
			);
			name = MainMenu.xib;
			sourceTree = "<group>";
		};
/* End PBXVariantGroup section */

/* Begin XCBuildConfiguration section */
		146BC46E1D6F797F0031C307 /* Debug */ = {
			isa = XCBuildConfiguration;
			buildSettings = {
				ALWAYS_SEARCH_USER_PATHS = NO;
				CLANG_ANALYZER_NONNULL = YES;
				CLANG_CXX_LANGUAGE_STANDARD = "gnu++0x";
				CLANG_CXX_LIBRARY = "libc++";
				CLANG_ENABLE_MODULES = YES;
				CLANG_ENABLE_OBJC_ARC = YES;
				CLANG_WARN_BOOL_CONVERSION = YES;
				CLANG_WARN_CONSTANT_CONVERSION = YES;
				CLANG_WARN_DIRECT_OBJC_ISA_USAGE = YES_ERROR;
				CLANG_WARN_DOCUMENTATION_COMMENTS = YES;
				CLANG_WARN_EMPTY_BODY = YES;
				CLANG_WARN_ENUM_CONVERSION = YES;
				CLANG_WARN_INFINITE_RECURSION = YES;
				CLANG_WARN_INT_CONVERSION = YES;
				CLANG_WARN_OBJC_ROOT_CLASS = YES_ERROR;
				CLANG_WARN_SUSPICIOUS_MOVES = YES;
				CLANG_WARN_UNREACHABLE_CODE = YES;
				CLANG_WARN__DUPLICATE_METHOD_MATCH = YES;
				CODE_SIGN_IDENTITY = "-";
				COPY_PHASE_STRIP = NO;
				DEBUG_INFORMATION_FORMAT = dwarf;
				ENABLE_STRICT_OBJC_MSGSEND = YES;
				ENABLE_TESTABILITY = YES;
				GCC_C_LANGUAGE_STANDARD = gnu99;
				GCC_DYNAMIC_NO_PIC = NO;
				GCC_NO_COMMON_BLOCKS = YES;
				GCC_OPTIMIZATION_LEVEL = 0;
				GCC_PREPROCESSOR_DEFINITIONS = (
					"DEBUG=1",
					"$(inherited)",
				);
				GCC_WARN_64_TO_32_BIT_CONVERSION = YES;
				GCC_WARN_ABOUT_RETURN_TYPE = YES_ERROR;
				GCC_WARN_UNDECLARED_SELECTOR = YES;
				GCC_WARN_UNINITIALIZED_AUTOS = YES_AGGRESSIVE;
				GCC_WARN_UNUSED_FUNCTION = YES;
				GCC_WARN_UNUSED_VARIABLE = YES;
				MACOSX_DEPLOYMENT_TARGET = 10.11;
				MTL_ENABLE_DEBUG_INFO = YES;
				ONLY_ACTIVE_ARCH = YES;
				PRODUCT_NAME = "Bitbucket Inbox";
				SDKROOT = macosx;
				SWIFT_ACTIVE_COMPILATION_CONDITIONS = DEBUG;
				SWIFT_OPTIMIZATION_LEVEL = "-Onone";
			};
			name = Debug;
		};
		146BC46F1D6F797F0031C307 /* Release */ = {
			isa = XCBuildConfiguration;
			buildSettings = {
				ALWAYS_SEARCH_USER_PATHS = NO;
				CLANG_ANALYZER_NONNULL = YES;
				CLANG_CXX_LANGUAGE_STANDARD = "gnu++0x";
				CLANG_CXX_LIBRARY = "libc++";
				CLANG_ENABLE_MODULES = YES;
				CLANG_ENABLE_OBJC_ARC = YES;
				CLANG_WARN_BOOL_CONVERSION = YES;
				CLANG_WARN_CONSTANT_CONVERSION = YES;
				CLANG_WARN_DIRECT_OBJC_ISA_USAGE = YES_ERROR;
				CLANG_WARN_DOCUMENTATION_COMMENTS = YES;
				CLANG_WARN_EMPTY_BODY = YES;
				CLANG_WARN_ENUM_CONVERSION = YES;
				CLANG_WARN_INFINITE_RECURSION = YES;
				CLANG_WARN_INT_CONVERSION = YES;
				CLANG_WARN_OBJC_ROOT_CLASS = YES_ERROR;
				CLANG_WARN_SUSPICIOUS_MOVES = YES;
				CLANG_WARN_UNREACHABLE_CODE = YES;
				CLANG_WARN__DUPLICATE_METHOD_MATCH = YES;
				CODE_SIGN_IDENTITY = "-";
				COPY_PHASE_STRIP = NO;
				DEBUG_INFORMATION_FORMAT = "dwarf-with-dsym";
				ENABLE_NS_ASSERTIONS = NO;
				ENABLE_STRICT_OBJC_MSGSEND = YES;
				GCC_C_LANGUAGE_STANDARD = gnu99;
				GCC_NO_COMMON_BLOCKS = YES;
				GCC_WARN_64_TO_32_BIT_CONVERSION = YES;
				GCC_WARN_ABOUT_RETURN_TYPE = YES_ERROR;
				GCC_WARN_UNDECLARED_SELECTOR = YES;
				GCC_WARN_UNINITIALIZED_AUTOS = YES_AGGRESSIVE;
				GCC_WARN_UNUSED_FUNCTION = YES;
				GCC_WARN_UNUSED_VARIABLE = YES;
				MACOSX_DEPLOYMENT_TARGET = 10.11;
				MTL_ENABLE_DEBUG_INFO = NO;
				PRODUCT_NAME = "Bitbucket Inbox";
				SDKROOT = macosx;
				SWIFT_OPTIMIZATION_LEVEL = "-Owholemodule";
			};
			name = Release;
		};
		146BC4711D6F797F0031C307 /* Debug */ = {
			isa = XCBuildConfiguration;
			buildSettings = {
				ASSETCATALOG_COMPILER_APPICON_NAME = AppIcon;
				COMBINE_HIDPI_IMAGES = YES;
				DEVELOPMENT_TEAM = 56468X2PU5;
				INFOPLIST_FILE = BitbucketInbox/Info.plist;
				LD_RUNPATH_SEARCH_PATHS = "$(inherited) @executable_path/../Frameworks";
				MACOSX_DEPLOYMENT_TARGET = 10.11;
				PRODUCT_BUNDLE_IDENTIFIER = com.mdmsua.BitbucketInbox;
				PRODUCT_NAME = "Bitbucket Inbox";
				SWIFT_VERSION = 3.0;
			};
			name = Debug;
		};
		146BC4721D6F797F0031C307 /* Release */ = {
			isa = XCBuildConfiguration;
			buildSettings = {
				ASSETCATALOG_COMPILER_APPICON_NAME = AppIcon;
				COMBINE_HIDPI_IMAGES = YES;
				DEVELOPMENT_TEAM = 56468X2PU5;
				INFOPLIST_FILE = BitbucketInbox/Info.plist;
				LD_RUNPATH_SEARCH_PATHS = "$(inherited) @executable_path/../Frameworks";
				MACOSX_DEPLOYMENT_TARGET = 10.11;
				PRODUCT_BUNDLE_IDENTIFIER = com.mdmsua.BitbucketInbox;
				PRODUCT_NAME = "Bitbucket Inbox";
				SWIFT_VERSION = 3.0;
			};
			name = Release;
		};
		146BC4741D6F797F0031C307 /* Debug */ = {
			isa = XCBuildConfiguration;
			buildSettings = {
				ALWAYS_EMBED_SWIFT_STANDARD_LIBRARIES = YES;
				BUNDLE_LOADER = "$(TEST_HOST)";
				COMBINE_HIDPI_IMAGES = YES;
				DEVELOPMENT_TEAM = 56468X2PU5;
				INFOPLIST_FILE = BitbucketInboxTests/Info.plist;
				LD_RUNPATH_SEARCH_PATHS = "$(inherited) @executable_path/../Frameworks @loader_path/../Frameworks";
				PRODUCT_BUNDLE_IDENTIFIER = com.mdmsua.BitbucketInboxTests;
				PRODUCT_NAME = "$(TARGET_NAME)";
				SWIFT_VERSION = 3.0;
				TEST_HOST = "$(BUILT_PRODUCTS_DIR)/BitbucketInbox.app/Contents/MacOS/BitbucketInbox";
			};
			name = Debug;
		};
		146BC4751D6F797F0031C307 /* Release */ = {
			isa = XCBuildConfiguration;
			buildSettings = {
				ALWAYS_EMBED_SWIFT_STANDARD_LIBRARIES = YES;
				BUNDLE_LOADER = "$(TEST_HOST)";
				COMBINE_HIDPI_IMAGES = YES;
				DEVELOPMENT_TEAM = 56468X2PU5;
				INFOPLIST_FILE = BitbucketInboxTests/Info.plist;
				LD_RUNPATH_SEARCH_PATHS = "$(inherited) @executable_path/../Frameworks @loader_path/../Frameworks";
				PRODUCT_BUNDLE_IDENTIFIER = com.mdmsua.BitbucketInboxTests;
				PRODUCT_NAME = "$(TARGET_NAME)";
				SWIFT_VERSION = 3.0;
				TEST_HOST = "$(BUILT_PRODUCTS_DIR)/BitbucketInbox.app/Contents/MacOS/BitbucketInbox";
			};
			name = Release;
		};
/* End XCBuildConfiguration section */

/* Begin XCConfigurationList section */
		146BC4531D6F797F0031C307 /* Build configuration list for PBXProject "BitbucketInbox" */ = {
			isa = XCConfigurationList;
			buildConfigurations = (
				146BC46E1D6F797F0031C307 /* Debug */,
				146BC46F1D6F797F0031C307 /* Release */,
			);
			defaultConfigurationIsVisible = 0;
			defaultConfigurationName = Release;
		};
		146BC4701D6F797F0031C307 /* Build configuration list for PBXNativeTarget "BitbucketInbox" */ = {
			isa = XCConfigurationList;
			buildConfigurations = (
				146BC4711D6F797F0031C307 /* Debug */,
				146BC4721D6F797F0031C307 /* Release */,
			);
			defaultConfigurationIsVisible = 0;
			defaultConfigurationName = Release;
		};
		146BC4731D6F797F0031C307 /* Build configuration list for PBXNativeTarget "BitbucketInboxTests" */ = {
			isa = XCConfigurationList;
			buildConfigurations = (
				146BC4741D6F797F0031C307 /* Debug */,
				146BC4751D6F797F0031C307 /* Release */,
			);
			defaultConfigurationIsVisible = 0;
			defaultConfigurationName = Release;
		};
/* End XCConfigurationList section */
	};
	rootObject = 146BC4501D6F797F0031C307 /* Project object */;
}
