// !$*UTF8*$!
{
	archiveVersion = 1;
	classes = {
	};
	objectVersion = 47;
	objects = {

/* Begin PBXBuildFile section */
		141A39A71D74E1AF006B4247 /* SettingStore.swift in Sources */ = {isa = PBXBuildFile; fileRef = 141A39A61D74E1AF006B4247 /* SettingStore.swift */; };
		143C6B351D7AF4E6006CF7EF /* ServiceManagement.framework in Frameworks */ = {isa = PBXBuildFile; fileRef = 143C6B341D7AF4E6006CF7EF /* ServiceManagement.framework */; };
		14C471041D97F6DE00DE721E /* PR Agent.app in CopyFiles */ = {isa = PBXBuildFile; fileRef = 14C4D9AA1D7CB3820082F6D1 /* PR Agent.app */; settings = {ATTRIBUTES = (RemoveHeadersOnCopy, ); }; };
		14C4D9AE1D7CB3820082F6D1 /* AppDelegate.m in Sources */ = {isa = PBXBuildFile; fileRef = 14C4D9AD1D7CB3820082F6D1 /* AppDelegate.m */; };
		14C4D9B11D7CB3820082F6D1 /* main.m in Sources */ = {isa = PBXBuildFile; fileRef = 14C4D9B01D7CB3820082F6D1 /* main.m */; };
		14C4D9B31D7CB3820082F6D1 /* Assets.xcassets in Resources */ = {isa = PBXBuildFile; fileRef = 14C4D9B21D7CB3820082F6D1 /* Assets.xcassets */; };
		14C4D9B61D7CB3820082F6D1 /* MainMenu.xib in Resources */ = {isa = PBXBuildFile; fileRef = 14C4D9B41D7CB3820082F6D1 /* MainMenu.xib */; };
		14D616651D73792600801053 /* AppDelegate.swift in Sources */ = {isa = PBXBuildFile; fileRef = 14D616641D73792600801053 /* AppDelegate.swift */; };
		14D616671D73792600801053 /* Assets.xcassets in Resources */ = {isa = PBXBuildFile; fileRef = 14D616661D73792600801053 /* Assets.xcassets */; };
		14D6166A1D73792600801053 /* MainMenu.xib in Resources */ = {isa = PBXBuildFile; fileRef = 14D616681D73792600801053 /* MainMenu.xib */; };
		14D616751D73792600801053 /* SampleTests.swift in Sources */ = {isa = PBXBuildFile; fileRef = 14D616741D73792600801053 /* SampleTests.swift */; };
		14D616801D737E6C00801053 /* PopoverViewController.swift in Sources */ = {isa = PBXBuildFile; fileRef = 14D6167F1D737E6C00801053 /* PopoverViewController.swift */; };
		14EF24751D74D4DD0033C985 /* BitbucketClient.swift in Sources */ = {isa = PBXBuildFile; fileRef = 14EF24741D74D4DD0033C985 /* BitbucketClient.swift */; };
		14EF24771D74DE2F0033C985 /* CredentialStore.swift in Sources */ = {isa = PBXBuildFile; fileRef = 14EF24761D74DE2F0033C985 /* CredentialStore.swift */; };
		4CDB96A533CA5783AF5E4941 /* Pods_PR.framework in Frameworks */ = {isa = PBXBuildFile; fileRef = CFD638001AFEAC7157B81FDD /* Pods_PR.framework */; };
		782226D41D7B788A00722DE6 /* SettingsTextField.swift in Sources */ = {isa = PBXBuildFile; fileRef = 782226D31D7B788A00722DE6 /* SettingsTextField.swift */; };
		792B1813BF7A8A1B5B58E21C /* Pods_Tests.framework in Frameworks */ = {isa = PBXBuildFile; fileRef = 8D6387F170C9B6C5631D9DF7 /* Pods_Tests.framework */; };
/* End PBXBuildFile section */

/* Begin PBXContainerItemProxy section */
		14D616711D73792600801053 /* PBXContainerItemProxy */ = {
			isa = PBXContainerItemProxy;
			containerPortal = 14D616591D73792600801053 /* Project object */;
			proxyType = 1;
			remoteGlobalIDString = 14D616601D73792600801053;
			remoteInfo = Bitbucket;
		};
/* End PBXContainerItemProxy section */

/* Begin PBXCopyFilesBuildPhase section */
		143C6B6F1D7B2845006CF7EF /* CopyFiles */ = {
			isa = PBXCopyFilesBuildPhase;
			buildActionMask = 2147483647;
			dstPath = Contents/Library/LoginItems;
			dstSubfolderSpec = 1;
			files = (
				14C471041D97F6DE00DE721E /* PR Agent.app in CopyFiles */,
			);
			runOnlyForDeploymentPostprocessing = 0;
		};
/* End PBXCopyFilesBuildPhase section */

/* Begin PBXFileReference section */
		141A39A61D74E1AF006B4247 /* SettingStore.swift */ = {isa = PBXFileReference; fileEncoding = 4; lastKnownFileType = sourcecode.swift; path = SettingStore.swift; sourceTree = "<group>"; };
		143C6B341D7AF4E6006CF7EF /* ServiceManagement.framework */ = {isa = PBXFileReference; lastKnownFileType = wrapper.framework; name = ServiceManagement.framework; path = System/Library/Frameworks/ServiceManagement.framework; sourceTree = SDKROOT; };
		14C4D9AA1D7CB3820082F6D1 /* PR Agent.app */ = {isa = PBXFileReference; explicitFileType = wrapper.application; includeInIndex = 0; path = "PR Agent.app"; sourceTree = BUILT_PRODUCTS_DIR; };
		14C4D9AC1D7CB3820082F6D1 /* AppDelegate.h */ = {isa = PBXFileReference; lastKnownFileType = sourcecode.c.h; path = AppDelegate.h; sourceTree = "<group>"; };
		14C4D9AD1D7CB3820082F6D1 /* AppDelegate.m */ = {isa = PBXFileReference; lastKnownFileType = sourcecode.c.objc; path = AppDelegate.m; sourceTree = "<group>"; };
		14C4D9B01D7CB3820082F6D1 /* main.m */ = {isa = PBXFileReference; lastKnownFileType = sourcecode.c.objc; path = main.m; sourceTree = "<group>"; };
		14C4D9B21D7CB3820082F6D1 /* Assets.xcassets */ = {isa = PBXFileReference; lastKnownFileType = folder.assetcatalog; path = Assets.xcassets; sourceTree = "<group>"; };
		14C4D9B51D7CB3820082F6D1 /* Base */ = {isa = PBXFileReference; lastKnownFileType = file.xib; name = Base; path = Base.lproj/MainMenu.xib; sourceTree = "<group>"; };
		14C4D9B71D7CB3820082F6D1 /* Info.plist */ = {isa = PBXFileReference; lastKnownFileType = text.plist.xml; path = Info.plist; sourceTree = "<group>"; };
		14C4D9BB1D7CB3950082F6D1 /* Agent.entitlements */ = {isa = PBXFileReference; lastKnownFileType = text.xml; path = Agent.entitlements; sourceTree = "<group>"; };
		14D616611D73792600801053 /* PR.app */ = {isa = PBXFileReference; explicitFileType = wrapper.application; includeInIndex = 0; path = PR.app; sourceTree = BUILT_PRODUCTS_DIR; };
		14D616641D73792600801053 /* AppDelegate.swift */ = {isa = PBXFileReference; lastKnownFileType = sourcecode.swift; path = AppDelegate.swift; sourceTree = "<group>"; };
		14D616661D73792600801053 /* Assets.xcassets */ = {isa = PBXFileReference; lastKnownFileType = folder.assetcatalog; path = Assets.xcassets; sourceTree = "<group>"; };
		14D616691D73792600801053 /* Base */ = {isa = PBXFileReference; lastKnownFileType = file.xib; name = Base; path = Base.lproj/MainMenu.xib; sourceTree = "<group>"; };
		14D6166B1D73792600801053 /* Info.plist */ = {isa = PBXFileReference; lastKnownFileType = text.plist.xml; path = Info.plist; sourceTree = "<group>"; };
		14D616701D73792600801053 /* PR.xctest */ = {isa = PBXFileReference; explicitFileType = wrapper.cfbundle; includeInIndex = 0; path = PR.xctest; sourceTree = BUILT_PRODUCTS_DIR; };
		14D616741D73792600801053 /* SampleTests.swift */ = {isa = PBXFileReference; lastKnownFileType = sourcecode.swift; path = SampleTests.swift; sourceTree = "<group>"; };
		14D616761D73792600801053 /* Info.plist */ = {isa = PBXFileReference; lastKnownFileType = text.plist.xml; path = Info.plist; sourceTree = "<group>"; };
		14D6167F1D737E6C00801053 /* PopoverViewController.swift */ = {isa = PBXFileReference; fileEncoding = 4; lastKnownFileType = sourcecode.swift; path = PopoverViewController.swift; sourceTree = "<group>"; };
		14D616811D73862000801053 /* Application.entitlements */ = {isa = PBXFileReference; lastKnownFileType = text.xml; path = Application.entitlements; sourceTree = "<group>"; };
		14EF24741D74D4DD0033C985 /* BitbucketClient.swift */ = {isa = PBXFileReference; fileEncoding = 4; lastKnownFileType = sourcecode.swift; path = BitbucketClient.swift; sourceTree = "<group>"; };
		14EF24761D74DE2F0033C985 /* CredentialStore.swift */ = {isa = PBXFileReference; fileEncoding = 4; lastKnownFileType = sourcecode.swift; path = CredentialStore.swift; sourceTree = "<group>"; };
		3053DA0DB1B692B4F3C35882 /* Pods-Tests.debug.xcconfig */ = {isa = PBXFileReference; includeInIndex = 1; lastKnownFileType = text.xcconfig; name = "Pods-Tests.debug.xcconfig"; path = "Pods/Target Support Files/Pods-Tests/Pods-Tests.debug.xcconfig"; sourceTree = "<group>"; };
		4E39B42FD92A8245AF0B2A8C /* Pods-PR.release.xcconfig */ = {isa = PBXFileReference; includeInIndex = 1; lastKnownFileType = text.xcconfig; name = "Pods-PR.release.xcconfig"; path = "Pods/Target Support Files/Pods-PR/Pods-PR.release.xcconfig"; sourceTree = "<group>"; };
		5C720427908521F0F1752651 /* Pods-PRTests.debug.xcconfig */ = {isa = PBXFileReference; includeInIndex = 1; lastKnownFileType = text.xcconfig; name = "Pods-PRTests.debug.xcconfig"; path = "Pods/Target Support Files/Pods-PRTests/Pods-PRTests.debug.xcconfig"; sourceTree = "<group>"; };
		6DF56EAFFBF60C626E510836 /* Pods_BitbucketTests.framework */ = {isa = PBXFileReference; explicitFileType = wrapper.framework; includeInIndex = 0; path = Pods_BitbucketTests.framework; sourceTree = BUILT_PRODUCTS_DIR; };
		762A2E4C93F4F2595280F3B7 /* Pods-PRTests.release.xcconfig */ = {isa = PBXFileReference; includeInIndex = 1; lastKnownFileType = text.xcconfig; name = "Pods-PRTests.release.xcconfig"; path = "Pods/Target Support Files/Pods-PRTests/Pods-PRTests.release.xcconfig"; sourceTree = "<group>"; };
		782226D31D7B788A00722DE6 /* SettingsTextField.swift */ = {isa = PBXFileReference; fileEncoding = 4; lastKnownFileType = sourcecode.swift; path = SettingsTextField.swift; sourceTree = "<group>"; };
		8D6387F170C9B6C5631D9DF7 /* Pods_Tests.framework */ = {isa = PBXFileReference; explicitFileType = wrapper.framework; includeInIndex = 0; path = Pods_Tests.framework; sourceTree = BUILT_PRODUCTS_DIR; };
		B9D9A02703307E85110A079E /* Pods-Tests.release.xcconfig */ = {isa = PBXFileReference; includeInIndex = 1; lastKnownFileType = text.xcconfig; name = "Pods-Tests.release.xcconfig"; path = "Pods/Target Support Files/Pods-Tests/Pods-Tests.release.xcconfig"; sourceTree = "<group>"; };
		BBE1DA25FD16566A10B31BDB /* Pods-PR.debug.xcconfig */ = {isa = PBXFileReference; includeInIndex = 1; lastKnownFileType = text.xcconfig; name = "Pods-PR.debug.xcconfig"; path = "Pods/Target Support Files/Pods-PR/Pods-PR.debug.xcconfig"; sourceTree = "<group>"; };
		BED50936BCE87E1CE7D5AF63 /* Pods_Bitbucket.framework */ = {isa = PBXFileReference; explicitFileType = wrapper.framework; includeInIndex = 0; path = Pods_Bitbucket.framework; sourceTree = BUILT_PRODUCTS_DIR; };
		CFD638001AFEAC7157B81FDD /* Pods_PR.framework */ = {isa = PBXFileReference; explicitFileType = wrapper.framework; includeInIndex = 0; path = Pods_PR.framework; sourceTree = BUILT_PRODUCTS_DIR; };
		F82459A049911EF1C9BA3227 /* Pods_PRTests.framework */ = {isa = PBXFileReference; explicitFileType = wrapper.framework; includeInIndex = 0; path = Pods_PRTests.framework; sourceTree = BUILT_PRODUCTS_DIR; };
/* End PBXFileReference section */

/* Begin PBXFrameworksBuildPhase section */
		14C4D9A71D7CB3820082F6D1 /* Frameworks */ = {
			isa = PBXFrameworksBuildPhase;
			buildActionMask = 2147483647;
			files = (
			);
			runOnlyForDeploymentPostprocessing = 0;
		};
		14D6165E1D73792600801053 /* Frameworks */ = {
			isa = PBXFrameworksBuildPhase;
			buildActionMask = 2147483647;
			files = (
				143C6B351D7AF4E6006CF7EF /* ServiceManagement.framework in Frameworks */,
				4CDB96A533CA5783AF5E4941 /* Pods_PR.framework in Frameworks */,
			);
			runOnlyForDeploymentPostprocessing = 0;
		};
		14D6166D1D73792600801053 /* Frameworks */ = {
			isa = PBXFrameworksBuildPhase;
			buildActionMask = 2147483647;
			files = (
				792B1813BF7A8A1B5B58E21C /* Pods_Tests.framework in Frameworks */,
			);
			runOnlyForDeploymentPostprocessing = 0;
		};
/* End PBXFrameworksBuildPhase section */

/* Begin PBXGroup section */
		14C4D9AB1D7CB3820082F6D1 /* Agent */ = {
			isa = PBXGroup;
			children = (
				14C4D9BB1D7CB3950082F6D1 /* Agent.entitlements */,
				14C4D9AC1D7CB3820082F6D1 /* AppDelegate.h */,
				14C4D9AD1D7CB3820082F6D1 /* AppDelegate.m */,
				14C4D9B21D7CB3820082F6D1 /* Assets.xcassets */,
				14C4D9B41D7CB3820082F6D1 /* MainMenu.xib */,
				14C4D9B71D7CB3820082F6D1 /* Info.plist */,
				14C4D9AF1D7CB3820082F6D1 /* Supporting Files */,
			);
			name = Agent;
			path = BitbucketAgent;
			sourceTree = "<group>";
		};
		14C4D9AF1D7CB3820082F6D1 /* Supporting Files */ = {
			isa = PBXGroup;
			children = (
				14C4D9B01D7CB3820082F6D1 /* main.m */,
			);
			name = "Supporting Files";
			sourceTree = "<group>";
		};
		14D616581D73792600801053 = {
			isa = PBXGroup;
			children = (
				14D616631D73792600801053 /* Application */,
				14D616731D73792600801053 /* Tests */,
				14C4D9AB1D7CB3820082F6D1 /* Agent */,
				14D616621D73792600801053 /* Products */,
				6989B632E2618AE3844E3776 /* Pods */,
				B2D4928FB07DAFF937948F00 /* Frameworks */,
			);
			sourceTree = "<group>";
		};
		14D616621D73792600801053 /* Products */ = {
			isa = PBXGroup;
			children = (
				14D616611D73792600801053 /* PR.app */,
				14D616701D73792600801053 /* PR.xctest */,
				14C4D9AA1D7CB3820082F6D1 /* PR Agent.app */,
			);
			name = Products;
			sourceTree = "<group>";
		};
		14D616631D73792600801053 /* Application */ = {
			isa = PBXGroup;
			children = (
				14D616811D73862000801053 /* Application.entitlements */,
				14D616641D73792600801053 /* AppDelegate.swift */,
				14D616661D73792600801053 /* Assets.xcassets */,
				14D616681D73792600801053 /* MainMenu.xib */,
				14D6166B1D73792600801053 /* Info.plist */,
				14D6167F1D737E6C00801053 /* PopoverViewController.swift */,
				14EF24741D74D4DD0033C985 /* BitbucketClient.swift */,
				782226D21D7B787200722DE6 /* Controls */,
				14EF24761D74DE2F0033C985 /* CredentialStore.swift */,
				141A39A61D74E1AF006B4247 /* SettingStore.swift */,
			);
			name = Application;
			path = Bitbucket;
			sourceTree = "<group>";
		};
		14D616731D73792600801053 /* Tests */ = {
			isa = PBXGroup;
			children = (
				14D616741D73792600801053 /* SampleTests.swift */,
				14D616761D73792600801053 /* Info.plist */,
			);
			name = Tests;
			path = BitbucketTests;
			sourceTree = "<group>";
		};
		6989B632E2618AE3844E3776 /* Pods */ = {
			isa = PBXGroup;
			children = (
				BBE1DA25FD16566A10B31BDB /* Pods-PR.debug.xcconfig */,
				4E39B42FD92A8245AF0B2A8C /* Pods-PR.release.xcconfig */,
				5C720427908521F0F1752651 /* Pods-PRTests.debug.xcconfig */,
				762A2E4C93F4F2595280F3B7 /* Pods-PRTests.release.xcconfig */,
				3053DA0DB1B692B4F3C35882 /* Pods-Tests.debug.xcconfig */,
				B9D9A02703307E85110A079E /* Pods-Tests.release.xcconfig */,
			);
			name = Pods;
			sourceTree = "<group>";
		};
		782226D21D7B787200722DE6 /* Controls */ = {
			isa = PBXGroup;
			children = (
				782226D31D7B788A00722DE6 /* SettingsTextField.swift */,
			);
			name = Controls;
			sourceTree = "<group>";
		};
		B2D4928FB07DAFF937948F00 /* Frameworks */ = {
			isa = PBXGroup;
			children = (
				143C6B341D7AF4E6006CF7EF /* ServiceManagement.framework */,
				BED50936BCE87E1CE7D5AF63 /* Pods_Bitbucket.framework */,
				6DF56EAFFBF60C626E510836 /* Pods_BitbucketTests.framework */,
				CFD638001AFEAC7157B81FDD /* Pods_PR.framework */,
				F82459A049911EF1C9BA3227 /* Pods_PRTests.framework */,
				8D6387F170C9B6C5631D9DF7 /* Pods_Tests.framework */,
			);
			name = Frameworks;
			sourceTree = "<group>";
		};
/* End PBXGroup section */

/* Begin PBXNativeTarget section */
		14C4D9A91D7CB3820082F6D1 /* Agent */ = {
			isa = PBXNativeTarget;
			buildConfigurationList = 14C4D9B81D7CB3820082F6D1 /* Build configuration list for PBXNativeTarget "Agent" */;
			buildPhases = (
				14C4D9A61D7CB3820082F6D1 /* Sources */,
				14C4D9A71D7CB3820082F6D1 /* Frameworks */,
				14C4D9A81D7CB3820082F6D1 /* Resources */,
			);
			buildRules = (
			);
			dependencies = (
			);
			name = Agent;
			productName = BitbucketAgent;
			productReference = 14C4D9AA1D7CB3820082F6D1 /* PR Agent.app */;
			productType = "com.apple.product-type.application";
		};
		14D616601D73792600801053 /* PR */ = {
			isa = PBXNativeTarget;
			buildConfigurationList = 14D616791D73792600801053 /* Build configuration list for PBXNativeTarget "PR" */;
			buildPhases = (
				B11E3D7D603F38B58C78B593 /* [CP] Check Pods Manifest.lock */,
				14D6165D1D73792600801053 /* Sources */,
				14D6165E1D73792600801053 /* Frameworks */,
				14D6165F1D73792600801053 /* Resources */,
				DB469F0E8EAE4B99A7B3E1EF /* [CP] Embed Pods Frameworks */,
				318A970F57BE40FB7977AC02 /* [CP] Copy Pods Resources */,
				143C6B6F1D7B2845006CF7EF /* CopyFiles */,
			);
			buildRules = (
			);
			dependencies = (
			);
			name = PR;
			productName = Bitbucket;
			productReference = 14D616611D73792600801053 /* PR.app */;
			productType = "com.apple.product-type.application";
		};
		14D6166F1D73792600801053 /* Tests */ = {
			isa = PBXNativeTarget;
			buildConfigurationList = 14D6167C1D73792600801053 /* Build configuration list for PBXNativeTarget "Tests" */;
			buildPhases = (
				E9FA72B164C07EA5A7079BEE /* [CP] Check Pods Manifest.lock */,
				14D6166C1D73792600801053 /* Sources */,
				14D6166D1D73792600801053 /* Frameworks */,
				14D6166E1D73792600801053 /* Resources */,
				35C82B3E39D3F1F6B37949F2 /* [CP] Embed Pods Frameworks */,
				EC3A681B8F3EF50C17A4DA29 /* [CP] Copy Pods Resources */,
			);
			buildRules = (
			);
			dependencies = (
				14D616721D73792600801053 /* PBXTargetDependency */,
			);
			name = Tests;
			productName = BitbucketTests;
			productReference = 14D616701D73792600801053 /* PR.xctest */;
			productType = "com.apple.product-type.bundle.unit-test";
		};
/* End PBXNativeTarget section */

/* Begin PBXProject section */
		14D616591D73792600801053 /* Project object */ = {
			isa = PBXProject;
			attributes = {
				LastSwiftUpdateCheck = 0730;
				LastUpgradeCheck = 0800;
				ORGANIZATIONNAME = "Dmytro Morozov";
				TargetAttributes = {
					14C4D9A91D7CB3820082F6D1 = {
						CreatedOnToolsVersion = 7.3.1;
						DevelopmentTeam = 56468X2PU5;
						LastSwiftMigration = 0800;
						SystemCapabilities = {
							com.apple.Sandbox = {
								enabled = 1;
							};
						};
					};
					14D616601D73792600801053 = {
						CreatedOnToolsVersion = 7.3.1;
						DevelopmentTeam = 56468X2PU5;
						LastSwiftMigration = 0800;
						SystemCapabilities = {
							com.apple.Sandbox = {
								enabled = 1;
							};
							com.apple.iCloud = {
								enabled = 1;
							};
						};
					};
					14D6166F1D73792600801053 = {
						CreatedOnToolsVersion = 7.3.1;
						LastSwiftMigration = 0800;
						TestTargetID = 14D616601D73792600801053;
					};
				};
			};
			buildConfigurationList = 14D6165C1D73792600801053 /* Build configuration list for PBXProject "PR" */;
			compatibilityVersion = "Xcode 6.3";
			developmentRegion = English;
			hasScannedForEncodings = 0;
			knownRegions = (
				en,
				Base,
			);
			mainGroup = 14D616581D73792600801053;
			productRefGroup = 14D616621D73792600801053 /* Products */;
			projectDirPath = "";
			projectRoot = "";
			targets = (
				14D616601D73792600801053 /* PR */,
				14D6166F1D73792600801053 /* Tests */,
				14C4D9A91D7CB3820082F6D1 /* Agent */,
			);
		};
/* End PBXProject section */

/* Begin PBXResourcesBuildPhase section */
		14C4D9A81D7CB3820082F6D1 /* Resources */ = {
			isa = PBXResourcesBuildPhase;
			buildActionMask = 2147483647;
			files = (
				14C4D9B31D7CB3820082F6D1 /* Assets.xcassets in Resources */,
				14C4D9B61D7CB3820082F6D1 /* MainMenu.xib in Resources */,
			);
			runOnlyForDeploymentPostprocessing = 0;
		};
		14D6165F1D73792600801053 /* Resources */ = {
			isa = PBXResourcesBuildPhase;
			buildActionMask = 2147483647;
			files = (
				14D616671D73792600801053 /* Assets.xcassets in Resources */,
				14D6166A1D73792600801053 /* MainMenu.xib in Resources */,
			);
			runOnlyForDeploymentPostprocessing = 0;
		};
		14D6166E1D73792600801053 /* Resources */ = {
			isa = PBXResourcesBuildPhase;
			buildActionMask = 2147483647;
			files = (
			);
			runOnlyForDeploymentPostprocessing = 0;
		};
/* End PBXResourcesBuildPhase section */

/* Begin PBXShellScriptBuildPhase section */
		318A970F57BE40FB7977AC02 /* [CP] Copy Pods Resources */ = {
			isa = PBXShellScriptBuildPhase;
			buildActionMask = 2147483647;
			files = (
			);
			inputPaths = (
			);
			name = "[CP] Copy Pods Resources";
			outputPaths = (
			);
			runOnlyForDeploymentPostprocessing = 0;
			shellPath = /bin/sh;
			shellScript = "\"${SRCROOT}/Pods/Target Support Files/Pods-PR/Pods-PR-resources.sh\"\n";
			showEnvVarsInLog = 0;
		};
		35C82B3E39D3F1F6B37949F2 /* [CP] Embed Pods Frameworks */ = {
			isa = PBXShellScriptBuildPhase;
			buildActionMask = 2147483647;
			files = (
			);
			inputPaths = (
			);
			name = "[CP] Embed Pods Frameworks";
			outputPaths = (
			);
			runOnlyForDeploymentPostprocessing = 0;
			shellPath = /bin/sh;
			shellScript = "\"${SRCROOT}/Pods/Target Support Files/Pods-Tests/Pods-Tests-frameworks.sh\"\n";
			showEnvVarsInLog = 0;
		};
		B11E3D7D603F38B58C78B593 /* [CP] Check Pods Manifest.lock */ = {
			isa = PBXShellScriptBuildPhase;
			buildActionMask = 2147483647;
			files = (
			);
			inputPaths = (
			);
			name = "[CP] Check Pods Manifest.lock";
			outputPaths = (
			);
			runOnlyForDeploymentPostprocessing = 0;
			shellPath = /bin/sh;
			shellScript = "diff \"${PODS_ROOT}/../Podfile.lock\" \"${PODS_ROOT}/Manifest.lock\" > /dev/null\nif [[ $? != 0 ]] ; then\n    cat << EOM\nerror: The sandbox is not in sync with the Podfile.lock. Run 'pod install' or update your CocoaPods installation.\nEOM\n    exit 1\nfi\n";
			showEnvVarsInLog = 0;
		};
		DB469F0E8EAE4B99A7B3E1EF /* [CP] Embed Pods Frameworks */ = {
			isa = PBXShellScriptBuildPhase;
			buildActionMask = 2147483647;
			files = (
			);
			inputPaths = (
			);
			name = "[CP] Embed Pods Frameworks";
			outputPaths = (
			);
			runOnlyForDeploymentPostprocessing = 0;
			shellPath = /bin/sh;
			shellScript = "\"${SRCROOT}/Pods/Target Support Files/Pods-PR/Pods-PR-frameworks.sh\"\n";
			showEnvVarsInLog = 0;
		};
		E9FA72B164C07EA5A7079BEE /* [CP] Check Pods Manifest.lock */ = {
			isa = PBXShellScriptBuildPhase;
			buildActionMask = 2147483647;
			files = (
			);
			inputPaths = (
			);
			name = "[CP] Check Pods Manifest.lock";
			outputPaths = (
			);
			runOnlyForDeploymentPostprocessing = 0;
			shellPath = /bin/sh;
			shellScript = "diff \"${PODS_ROOT}/../Podfile.lock\" \"${PODS_ROOT}/Manifest.lock\" > /dev/null\nif [[ $? != 0 ]] ; then\n    cat << EOM\nerror: The sandbox is not in sync with the Podfile.lock. Run 'pod install' or update your CocoaPods installation.\nEOM\n    exit 1\nfi\n";
			showEnvVarsInLog = 0;
		};
		EC3A681B8F3EF50C17A4DA29 /* [CP] Copy Pods Resources */ = {
			isa = PBXShellScriptBuildPhase;
			buildActionMask = 2147483647;
			files = (
			);
			inputPaths = (
			);
			name = "[CP] Copy Pods Resources";
			outputPaths = (
			);
			runOnlyForDeploymentPostprocessing = 0;
			shellPath = /bin/sh;
			shellScript = "\"${SRCROOT}/Pods/Target Support Files/Pods-Tests/Pods-Tests-resources.sh\"\n";
			showEnvVarsInLog = 0;
		};
/* End PBXShellScriptBuildPhase section */

/* Begin PBXSourcesBuildPhase section */
		14C4D9A61D7CB3820082F6D1 /* Sources */ = {
			isa = PBXSourcesBuildPhase;
			buildActionMask = 2147483647;
			files = (
				14C4D9B11D7CB3820082F6D1 /* main.m in Sources */,
				14C4D9AE1D7CB3820082F6D1 /* AppDelegate.m in Sources */,
			);
			runOnlyForDeploymentPostprocessing = 0;
		};
		14D6165D1D73792600801053 /* Sources */ = {
			isa = PBXSourcesBuildPhase;
			buildActionMask = 2147483647;
			files = (
				782226D41D7B788A00722DE6 /* SettingsTextField.swift in Sources */,
				14EF24771D74DE2F0033C985 /* CredentialStore.swift in Sources */,
				141A39A71D74E1AF006B4247 /* SettingStore.swift in Sources */,
				14D616801D737E6C00801053 /* PopoverViewController.swift in Sources */,
				14EF24751D74D4DD0033C985 /* BitbucketClient.swift in Sources */,
				14D616651D73792600801053 /* AppDelegate.swift in Sources */,
			);
			runOnlyForDeploymentPostprocessing = 0;
		};
		14D6166C1D73792600801053 /* Sources */ = {
			isa = PBXSourcesBuildPhase;
			buildActionMask = 2147483647;
			files = (
				14D616751D73792600801053 /* SampleTests.swift in Sources */,
			);
			runOnlyForDeploymentPostprocessing = 0;
		};
/* End PBXSourcesBuildPhase section */

/* Begin PBXTargetDependency section */
		14D616721D73792600801053 /* PBXTargetDependency */ = {
			isa = PBXTargetDependency;
			target = 14D616601D73792600801053 /* PR */;
			targetProxy = 14D616711D73792600801053 /* PBXContainerItemProxy */;
		};
/* End PBXTargetDependency section */

/* Begin PBXVariantGroup section */
		14C4D9B41D7CB3820082F6D1 /* MainMenu.xib */ = {
			isa = PBXVariantGroup;
			children = (
				14C4D9B51D7CB3820082F6D1 /* Base */,
			);
			name = MainMenu.xib;
			sourceTree = "<group>";
		};
		14D616681D73792600801053 /* MainMenu.xib */ = {
			isa = PBXVariantGroup;
			children = (
				14D616691D73792600801053 /* Base */,
			);
			name = MainMenu.xib;
			sourceTree = "<group>";
		};
/* End PBXVariantGroup section */

/* Begin XCBuildConfiguration section */
		14C4D9B91D7CB3820082F6D1 /* Debug */ = {
			isa = XCBuildConfiguration;
			buildSettings = {
				ASSETCATALOG_COMPILER_APPICON_NAME = AppIcon;
				CODE_SIGN_ENTITLEMENTS = BitbucketAgent/Agent.entitlements;
				CODE_SIGN_IDENTITY = "Mac Developer";
				COMBINE_HIDPI_IMAGES = YES;
				INFOPLIST_FILE = BitbucketAgent/Info.plist;
				LD_RUNPATH_SEARCH_PATHS = "$(inherited) @executable_path/../Frameworks";
				MACOSX_DEPLOYMENT_TARGET = 10.12;
				PRODUCT_BUNDLE_IDENTIFIER = mac.toolbox.pr.agent.wip;
				PRODUCT_NAME = "PR Agent";
				SKIP_INSTALL = YES;
				SWIFT_VERSION = 3.0;
			};
			name = Debug;
		};
		14C4D9BA1D7CB3820082F6D1 /* Release */ = {
			isa = XCBuildConfiguration;
			buildSettings = {
				ASSETCATALOG_COMPILER_APPICON_NAME = AppIcon;
				CODE_SIGN_ENTITLEMENTS = BitbucketAgent/Agent.entitlements;
				CODE_SIGN_IDENTITY = "Mac Developer";
				COMBINE_HIDPI_IMAGES = YES;
				INFOPLIST_FILE = BitbucketAgent/Info.plist;
				LD_RUNPATH_SEARCH_PATHS = "$(inherited) @executable_path/../Frameworks";
				MACOSX_DEPLOYMENT_TARGET = 10.12;
				PRODUCT_BUNDLE_IDENTIFIER = mac.toolbox.pr.agent;
				PRODUCT_NAME = "PR Agent";
				SKIP_INSTALL = YES;
				SWIFT_VERSION = 3.0;
			};
			name = Release;
		};
		14D616771D73792600801053 /* Debug */ = {
			isa = XCBuildConfiguration;
			buildSettings = {
				ALWAYS_SEARCH_USER_PATHS = NO;
				CLANG_ANALYZER_NONNULL = YES;
				CLANG_CXX_LANGUAGE_STANDARD = "gnu++0x";
				CLANG_CXX_LIBRARY = "libc++";
				CLANG_ENABLE_MODULES = YES;
				CLANG_ENABLE_OBJC_ARC = YES;
				CLANG_WARN_BOOL_CONVERSION = YES;
				CLANG_WARN_CONSTANT_CONVERSION = YES;
				CLANG_WARN_DIRECT_OBJC_ISA_USAGE = YES_ERROR;
				CLANG_WARN_EMPTY_BODY = YES;
				CLANG_WARN_ENUM_CONVERSION = YES;
				CLANG_WARN_INFINITE_RECURSION = YES;
				CLANG_WARN_INT_CONVERSION = YES;
				CLANG_WARN_OBJC_ROOT_CLASS = YES_ERROR;
				CLANG_WARN_SUSPICIOUS_MOVE = YES;
				CLANG_WARN_UNREACHABLE_CODE = YES;
				CLANG_WARN__DUPLICATE_METHOD_MATCH = YES;
				CODE_SIGN_IDENTITY = "Mac Developer";
				COPY_PHASE_STRIP = NO;
				DEBUG_INFORMATION_FORMAT = dwarf;
				ENABLE_STRICT_OBJC_MSGSEND = YES;
				ENABLE_TESTABILITY = YES;
				GCC_C_LANGUAGE_STANDARD = gnu99;
				GCC_DYNAMIC_NO_PIC = NO;
				GCC_NO_COMMON_BLOCKS = YES;
				GCC_OPTIMIZATION_LEVEL = 0;
				GCC_PREPROCESSOR_DEFINITIONS = (
					"DEBUG=1",
					"$(inherited)",
				);
				GCC_WARN_64_TO_32_BIT_CONVERSION = YES;
				GCC_WARN_ABOUT_RETURN_TYPE = YES_ERROR;
				GCC_WARN_UNDECLARED_SELECTOR = YES;
				GCC_WARN_UNINITIALIZED_AUTOS = YES_AGGRESSIVE;
				GCC_WARN_UNUSED_FUNCTION = YES;
				GCC_WARN_UNUSED_VARIABLE = YES;
				MACOSX_DEPLOYMENT_TARGET = 10.11;
				MTL_ENABLE_DEBUG_INFO = YES;
				ONLY_ACTIVE_ARCH = YES;
				SDKROOT = macosx;
				SWIFT_OPTIMIZATION_LEVEL = "-Onone";
				VERSIONING_SYSTEM = "apple-generic";
			};
			name = Debug;
		};
		14D616781D73792600801053 /* Release */ = {
			isa = XCBuildConfiguration;
			buildSettings = {
				ALWAYS_SEARCH_USER_PATHS = NO;
				CLANG_ANALYZER_NONNULL = YES;
				CLANG_CXX_LANGUAGE_STANDARD = "gnu++0x";
				CLANG_CXX_LIBRARY = "libc++";
				CLANG_ENABLE_MODULES = YES;
				CLANG_ENABLE_OBJC_ARC = YES;
				CLANG_WARN_BOOL_CONVERSION = YES;
				CLANG_WARN_CONSTANT_CONVERSION = YES;
				CLANG_WARN_DIRECT_OBJC_ISA_USAGE = YES_ERROR;
				CLANG_WARN_EMPTY_BODY = YES;
				CLANG_WARN_ENUM_CONVERSION = YES;
				CLANG_WARN_INFINITE_RECURSION = YES;
				CLANG_WARN_INT_CONVERSION = YES;
				CLANG_WARN_OBJC_ROOT_CLASS = YES_ERROR;
				CLANG_WARN_SUSPICIOUS_MOVE = YES;
				CLANG_WARN_UNREACHABLE_CODE = YES;
				CLANG_WARN__DUPLICATE_METHOD_MATCH = YES;
				CODE_SIGN_IDENTITY = "Mac Developer";
				COPY_PHASE_STRIP = NO;
				DEBUG_INFORMATION_FORMAT = "dwarf-with-dsym";
				ENABLE_NS_ASSERTIONS = NO;
				ENABLE_STRICT_OBJC_MSGSEND = YES;
				GCC_C_LANGUAGE_STANDARD = gnu99;
				GCC_NO_COMMON_BLOCKS = YES;
				GCC_WARN_64_TO_32_BIT_CONVERSION = YES;
				GCC_WARN_ABOUT_RETURN_TYPE = YES_ERROR;
				GCC_WARN_UNDECLARED_SELECTOR = YES;
				GCC_WARN_UNINITIALIZED_AUTOS = YES_AGGRESSIVE;
				GCC_WARN_UNUSED_FUNCTION = YES;
				GCC_WARN_UNUSED_VARIABLE = YES;
				MACOSX_DEPLOYMENT_TARGET = 10.11;
				MTL_ENABLE_DEBUG_INFO = NO;
				SDKROOT = macosx;
				SWIFT_OPTIMIZATION_LEVEL = "-Owholemodule";
				VERSIONING_SYSTEM = "apple-generic";
			};
			name = Release;
		};
		14D6167A1D73792600801053 /* Debug */ = {
			isa = XCBuildConfiguration;
			baseConfigurationReference = BBE1DA25FD16566A10B31BDB /* Pods-PR.debug.xcconfig */;
			buildSettings = {
				ALWAYS_EMBED_SWIFT_STANDARD_LIBRARIES = YES;
				ASSETCATALOG_COMPILER_APPICON_NAME = AppIcon;
				CODE_SIGN_ENTITLEMENTS = Bitbucket/Application.entitlements;
				CODE_SIGN_IDENTITY = "Mac Developer";
				"CODE_SIGN_IDENTITY[sdk=macosx*]" = "Mac Developer";
				COMBINE_HIDPI_IMAGES = YES;
				DEVELOPMENT_TEAM = 56468X2PU5;
				INFOPLIST_FILE = Bitbucket/Info.plist;
				LD_RUNPATH_SEARCH_PATHS = "$(inherited) @executable_path/../Frameworks";
				MACOSX_DEPLOYMENT_TARGET = 10.12;
				OTHER_SWIFT_FLAGS = "$(inherited) \"-DDEBUG\"";
				PRODUCT_BUNDLE_IDENTIFIER = mac.toolbox.pr.wip;
				PRODUCT_NAME = PR;
				PROVISIONING_PROFILE = "";
				SWIFT_VERSION = 3.0;
			};
			name = Debug;
		};
		14D6167B1D73792600801053 /* Release */ = {
			isa = XCBuildConfiguration;
			baseConfigurationReference = 4E39B42FD92A8245AF0B2A8C /* Pods-PR.release.xcconfig */;
			buildSettings = {
				ALWAYS_EMBED_SWIFT_STANDARD_LIBRARIES = YES;
				ASSETCATALOG_COMPILER_APPICON_NAME = AppIcon;
				CODE_SIGN_ENTITLEMENTS = Bitbucket/Application.entitlements;
				CODE_SIGN_IDENTITY = "Mac Developer";
				"CODE_SIGN_IDENTITY[sdk=macosx*]" = "Mac Developer";
				COMBINE_HIDPI_IMAGES = YES;
				DEVELOPMENT_TEAM = 56468X2PU5;
				ENABLE_TESTABILITY = YES;
				INFOPLIST_FILE = Bitbucket/Info.plist;
				LD_RUNPATH_SEARCH_PATHS = "$(inherited) @executable_path/../Frameworks";
				MACOSX_DEPLOYMENT_TARGET = 10.12;
				OTHER_SWIFT_FLAGS = "$(inherited) \"-DRELEASE\"";
				PRODUCT_BUNDLE_IDENTIFIER = mac.toolbox.pr;
				PRODUCT_NAME = PR;
				PROVISIONING_PROFILE = "";
				SWIFT_VERSION = 3.0;
			};
			name = Release;
		};
		14D6167D1D73792600801053 /* Debug */ = {
			isa = XCBuildConfiguration;
			baseConfigurationReference = 3053DA0DB1B692B4F3C35882 /* Pods-Tests.debug.xcconfig */;
			buildSettings = {
				BUNDLE_LOADER = "$(TEST_HOST)";
				COMBINE_HIDPI_IMAGES = YES;
				INFOPLIST_FILE = BitbucketTests/Info.plist;
				LD_RUNPATH_SEARCH_PATHS = "$(inherited) @executable_path/../Frameworks @loader_path/../Frameworks";
				MACOSX_DEPLOYMENT_TARGET = 10.11;
				PRODUCT_BUNDLE_IDENTIFIER = com.mdmsua.mactoolbox.pr.tests;
				PRODUCT_NAME = PR;
				SWIFT_VERSION = 3.0;
				TEST_HOST = "$(BUILT_PRODUCTS_DIR)/PR.app/Contents/MacOS/PR";
			};
			name = Debug;
		};
		14D6167E1D73792600801053 /* Release */ = {
			isa = XCBuildConfiguration;
			baseConfigurationReference = B9D9A02703307E85110A079E /* Pods-Tests.release.xcconfig */;
			buildSettings = {
				BUNDLE_LOADER = "$(TEST_HOST)";
				COMBINE_HIDPI_IMAGES = YES;
				INFOPLIST_FILE = BitbucketTests/Info.plist;
				LD_RUNPATH_SEARCH_PATHS = "$(inherited) @executable_path/../Frameworks @loader_path/../Frameworks";
				MACOSX_DEPLOYMENT_TARGET = 10.11;
				PRODUCT_BUNDLE_IDENTIFIER = com.mdmsua.mactoolbox.pr.tests;
				PRODUCT_NAME = PR;
				SWIFT_VERSION = 3.0;
				TEST_HOST = "$(BUILT_PRODUCTS_DIR)/PR.app/Contents/MacOS/PR";
			};
			name = Release;
		};
/* End XCBuildConfiguration section */

/* Begin XCConfigurationList section */
		14C4D9B81D7CB3820082F6D1 /* Build configuration list for PBXNativeTarget "Agent" */ = {
			isa = XCConfigurationList;
			buildConfigurations = (
				14C4D9B91D7CB3820082F6D1 /* Debug */,
				14C4D9BA1D7CB3820082F6D1 /* Release */,
			);
			defaultConfigurationIsVisible = 0;
			defaultConfigurationName = Release;
		};
		14D6165C1D73792600801053 /* Build configuration list for PBXProject "PR" */ = {
			isa = XCConfigurationList;
			buildConfigurations = (
				14D616771D73792600801053 /* Debug */,
				14D616781D73792600801053 /* Release */,
			);
			defaultConfigurationIsVisible = 0;
			defaultConfigurationName = Release;
		};
		14D616791D73792600801053 /* Build configuration list for PBXNativeTarget "PR" */ = {
			isa = XCConfigurationList;
			buildConfigurations = (
				14D6167A1D73792600801053 /* Debug */,
				14D6167B1D73792600801053 /* Release */,
			);
			defaultConfigurationIsVisible = 0;
			defaultConfigurationName = Release;
		};
		14D6167C1D73792600801053 /* Build configuration list for PBXNativeTarget "Tests" */ = {
			isa = XCConfigurationList;
			buildConfigurations = (
				14D6167D1D73792600801053 /* Debug */,
				14D6167E1D73792600801053 /* Release */,
			);
			defaultConfigurationIsVisible = 0;
			defaultConfigurationName = Release;
		};
/* End XCConfigurationList section */
	};
	rootObject = 14D616591D73792600801053 /* Project object */;
}
